
Microsoft Visual Studio Solution File, Format Version 12.00
# Visual Studio Version 17
VisualStudioVersion = 17.14.36301.6 d17.14
MinimumVisualStudioVersion = 10.0.40219.1
Project("{FAE04EC0-301F-11D3-BF4B-00C04F79EFBC}") = "SmartJobRecommender", "SmartJobRecommender.csproj", "{72539C3D-8B6D-4609-8CCF-54C2AC246644}"
EndProject
Global
	GlobalSection(SolutionConfigurationPlatforms) = preSolution
		Debug|Any CPU = Debug|Any CPU
		Release|Any CPU = Release|Any CPU
	EndGlobalSection
	GlobalSection(ProjectConfigurationPlatforms) = postSolution
		{72539C3D-8B6D-4609-8CCF-54C2AC246644}.Debug|Any CPU.ActiveCfg = Debug|Any CPU
		{72539C3D-8B6D-4609-8CCF-54C2AC246644}.Debug|Any CPU.Build.0 = Debug|Any CPU
		{72539C3D-8B6D-4609-8CCF-54C2AC246644}.Release|Any CPU.ActiveCfg = Release|Any CPU
		{72539C3D-8B6D-4609-8CCF-54C2AC246644}.Release|Any CPU.Build.0 = Release|Any CPU
	EndGlobalSection
	GlobalSection(SolutionProperties) = preSolution
		HideSolutionNode = FALSE
	EndGlobalSection
	GlobalSection(ExtensibilityGlobals) = postSolution
		SolutionGuid = {75351A53-FA4F-4159-8577-D8615F8B2DDB}
	EndGlobalSection
EndGlobal
